
Microsoft Visual Studio Solution File, Format Version 12.00
# Visual Studio Version 16
VisualStudioVersion = 16.0.30517.126
MinimumVisualStudioVersion = 10.0.40219.1
Project("{FAE04EC0-301F-11D3-BF4B-00C04F79EFBC}") = "JokesWebApp", "JokesWebApp\JokesWebApp.csproj", "{AA975551-8ABC-4A9A-B43E-2099EB113A58}"
EndProject
Global
	GlobalSection(SolutionConfigurationPlatforms) = preSolution
		Debug|Any CPU = Debug|Any CPU
		Release|Any CPU = Release|Any CPU
	EndGlobalSection
	GlobalSection(ProjectConfigurationPlatforms) = postSolution
		{AA975551-8ABC-4A9A-B43E-2099EB113A58}.Debug|Any CPU.ActiveCfg = Debug|Any CPU
		{AA975551-8ABC-4A9A-B43E-2099EB113A58}.Debug|Any CPU.Build.0 = Debug|Any CPU
		{AA975551-8ABC-4A9A-B43E-2099EB113A58}.Release|Any CPU.ActiveCfg = Release|Any CPU
		{AA975551-8ABC-4A9A-B43E-2099EB113A58}.Release|Any CPU.Build.0 = Release|Any CPU
	EndGlobalSection
	GlobalSection(SolutionProperties) = preSolution
		HideSolutionNode = FALSE
	EndGlobalSection
	GlobalSection(ExtensibilityGlobals) = postSolution
		SolutionGuid = {999F9398-25D1-41F1-A555-8FBC3969A375}
	EndGlobalSection
EndGlobal
